# This file is automatically @generated by Cargo.
# It is not intended for manual editing.
version = 4

[[package]]
name = "subtext-core"
version = "0.1.0"

[[package]]
name = "subtext-index"
version = "0.1.0"
dependencies = [
 "subtext-core",
]

[[package]]
name = "subtext-scan"
version = "0.1.0"
dependencies = [
 "subtext-core",
 "subtext-index",
]
